// !$*UTF8*$!
{
	archiveVersion = 1;
	classes = {
	};
	objectVersion = 50;
	objects = {

/* Begin PBXBuildFile section */
		4E1B580622DB381A002C582E /* play.png in Resources */ = {isa = PBXBuildFile; fileRef = 4E1B580522DB381A002C582E /* play.png */; };
		4E3E4D5D22D9B9E6009ACDE9 /* url.png in Resources */ = {isa = PBXBuildFile; fileRef = 4E3E4D5B22D9B9E6009ACDE9 /* url.png */; };
		4E3E4D5E22D9B9E6009ACDE9 /* zip.png in Resources */ = {isa = PBXBuildFile; fileRef = 4E3E4D5C22D9B9E6009ACDE9 /* zip.png */; };
		4E3E4D6022D9BAFD009ACDE9 /* pages.png in Resources */ = {isa = PBXBuildFile; fileRef = 4E3E4D5F22D9BAFD009ACDE9 /* pages.png */; };
		4E3E4D6222D9BB88009ACDE9 /* json.png in Resources */ = {isa = PBXBuildFile; fileRef = 4E3E4D6122D9BB88009ACDE9 /* json.png */; };
		4E3E4D6422D9CB31009ACDE9 /* text.png in Resources */ = {isa = PBXBuildFile; fileRef = 4E3E4D6322D9CB31009ACDE9 /* text.png */; };
		F21FD2E222D83643006C3B84 /* myTableViewCell.swift in Sources */ = {isa = PBXBuildFile; fileRef = F21FD2E122D83643006C3B84 /* myTableViewCell.swift */; };
		F21FD2E822D8391C006C3B84 /* InfoView.storyboard in Resources */ = {isa = PBXBuildFile; fileRef = F21FD2E722D8391C006C3B84 /* InfoView.storyboard */; };
		F21FD2EA22D83AC7006C3B84 /* InfoViewController.swift in Sources */ = {isa = PBXBuildFile; fileRef = F21FD2E922D83AC7006C3B84 /* InfoViewController.swift */; };
		F260B75A22D490F700BAC89E /* ShareViewController.swift in Sources */ = {isa = PBXBuildFile; fileRef = F298D18822CDD69900FDBACA /* ShareViewController.swift */; };
		F260B75F22D4914C00BAC89E /* FavoriteManager.swift in Sources */ = {isa = PBXBuildFile; fileRef = F260B75D22D4914B00BAC89E /* FavoriteManager.swift */; };
		F260B76322D491A300BAC89E /* FileObject.swift in Sources */ = {isa = PBXBuildFile; fileRef = F260B76222D491A300BAC89E /* FileObject.swift */; };
		F260B76922D49AE100BAC89E /* ContantType.swift in Sources */ = {isa = PBXBuildFile; fileRef = F260B76822D49AE100BAC89E /* ContantType.swift */; };
		F260B76A22D49AE100BAC89E /* ContantType.swift in Sources */ = {isa = PBXBuildFile; fileRef = F260B76822D49AE100BAC89E /* ContantType.swift */; };
		F260B76D22D49B4B00BAC89E /* ContantType.swift in Sources */ = {isa = PBXBuildFile; fileRef = F260B76C22D49B4B00BAC89E /* ContantType.swift */; };
		F260B76E22D49B4B00BAC89E /* ContantType.swift in Sources */ = {isa = PBXBuildFile; fileRef = F260B76C22D49B4B00BAC89E /* ContantType.swift */; };
		F260B77122D49BAC00BAC89E /* FileObject.swift in Sources */ = {isa = PBXBuildFile; fileRef = F260B77022D49BAC00BAC89E /* FileObject.swift */; };
		F260B77222D49BAC00BAC89E /* FileObject.swift in Sources */ = {isa = PBXBuildFile; fileRef = F260B77022D49BAC00BAC89E /* FileObject.swift */; };
		F260B77722D49BF900BAC89E /* FavoriteManager.swift in Sources */ = {isa = PBXBuildFile; fileRef = F260B77622D49BF900BAC89E /* FavoriteManager.swift */; };
		F260B77822D49BF900BAC89E /* FavoriteManager.swift in Sources */ = {isa = PBXBuildFile; fileRef = F260B77622D49BF900BAC89E /* FavoriteManager.swift */; };
		F298D17122CDD60200FDBACA /* AppDelegate.swift in Sources */ = {isa = PBXBuildFile; fileRef = F298D17022CDD60200FDBACA /* AppDelegate.swift */; };
		F298D17322CDD60200FDBACA /* ViewController.swift in Sources */ = {isa = PBXBuildFile; fileRef = F298D17222CDD60200FDBACA /* ViewController.swift */; };
		F298D17622CDD60200FDBACA /* Main.storyboard in Resources */ = {isa = PBXBuildFile; fileRef = F298D17422CDD60200FDBACA /* Main.storyboard */; };
		F298D17822CDD60E00FDBACA /* Assets.xcassets in Resources */ = {isa = PBXBuildFile; fileRef = F298D17722CDD60E00FDBACA /* Assets.xcassets */; };
		F298D17B22CDD60E00FDBACA /* LaunchScreen.storyboard in Resources */ = {isa = PBXBuildFile; fileRef = F298D17922CDD60E00FDBACA /* LaunchScreen.storyboard */; };
		F298D18C22CDD69900FDBACA /* MainInterface.storyboard in Resources */ = {isa = PBXBuildFile; fileRef = F298D18A22CDD69900FDBACA /* MainInterface.storyboard */; };
		F298D19022CDD69900FDBACA /* ShareExtension.appex in Embed App Extensions */ = {isa = PBXBuildFile; fileRef = F298D18622CDD69900FDBACA /* ShareExtension.appex */; settings = {ATTRIBUTES = (RemoveHeadersOnCopy, ); }; };
/* End PBXBuildFile section */

/* Begin PBXContainerItemProxy section */
		F298D18E22CDD69900FDBACA /* PBXContainerItemProxy */ = {
			isa = PBXContainerItemProxy;
			containerPortal = F298D16522CDD60200FDBACA /* Project object */;
			proxyType = 1;
			remoteGlobalIDString = F298D18522CDD69900FDBACA;
			remoteInfo = ShareExtension;
		};
/* End PBXContainerItemProxy section */

/* Begin PBXCopyFilesBuildPhase section */
		F298D19422CDD69900FDBACA /* Embed App Extensions */ = {
			isa = PBXCopyFilesBuildPhase;
			buildActionMask = 2147483647;
			dstPath = "";
			dstSubfolderSpec = 13;
			files = (
				F298D19022CDD69900FDBACA /* ShareExtension.appex in Embed App Extensions */,
			);
			name = "Embed App Extensions";
			runOnlyForDeploymentPostprocessing = 0;
		};
/* End PBXCopyFilesBuildPhase section */

/* Begin PBXFileReference section */
		4E1B580522DB381A002C582E /* play.png */ = {isa = PBXFileReference; lastKnownFileType = image.png; path = play.png; sourceTree = "<group>"; };
		4E3E4D5B22D9B9E6009ACDE9 /* url.png */ = {isa = PBXFileReference; lastKnownFileType = image.png; path = url.png; sourceTree = "<group>"; };
		4E3E4D5C22D9B9E6009ACDE9 /* zip.png */ = {isa = PBXFileReference; lastKnownFileType = image.png; path = zip.png; sourceTree = "<group>"; };
		4E3E4D5F22D9BAFD009ACDE9 /* pages.png */ = {isa = PBXFileReference; lastKnownFileType = image.png; path = pages.png; sourceTree = "<group>"; };
		4E3E4D6122D9BB88009ACDE9 /* json.png */ = {isa = PBXFileReference; lastKnownFileType = image.png; path = json.png; sourceTree = "<group>"; };
		4E3E4D6322D9CB31009ACDE9 /* text.png */ = {isa = PBXFileReference; lastKnownFileType = image.png; path = text.png; sourceTree = "<group>"; };
		F21FD2E122D83643006C3B84 /* myTableViewCell.swift */ = {isa = PBXFileReference; lastKnownFileType = sourcecode.swift; path = myTableViewCell.swift; sourceTree = "<group>"; };
		F21FD2E722D8391C006C3B84 /* InfoView.storyboard */ = {isa = PBXFileReference; lastKnownFileType = file.storyboard; path = InfoView.storyboard; sourceTree = "<group>"; };
		F21FD2E922D83AC7006C3B84 /* InfoViewController.swift */ = {isa = PBXFileReference; lastKnownFileType = sourcecode.swift; path = InfoViewController.swift; sourceTree = "<group>"; };
		F260B75D22D4914B00BAC89E /* FavoriteManager.swift */ = {isa = PBXFileReference; fileEncoding = 4; lastKnownFileType = sourcecode.swift; name = FavoriteManager.swift; path = ShareExtensionTest/Manage/FavoriteManager.swift; sourceTree = SOURCE_ROOT; };
		F260B76222D491A300BAC89E /* FileObject.swift */ = {isa = PBXFileReference; fileEncoding = 4; lastKnownFileType = sourcecode.swift; name = FileObject.swift; path = ShareExtension/Model/FileObject.swift; sourceTree = SOURCE_ROOT; };
		F260B76822D49AE100BAC89E /* ContantType.swift */ = {isa = PBXFileReference; lastKnownFileType = sourcecode.swift; path = ContantType.swift; sourceTree = "<group>"; };
		F260B76C22D49B4B00BAC89E /* ContantType.swift */ = {isa = PBXFileReference; fileEncoding = 4; lastKnownFileType = sourcecode.swift; name = ContantType.swift; path = ShareExtension/Model/ContantType.swift; sourceTree = SOURCE_ROOT; };
		F260B77022D49BAC00BAC89E /* FileObject.swift */ = {isa = PBXFileReference; fileEncoding = 4; lastKnownFileType = sourcecode.swift; name = FileObject.swift; path = ShareExtension/Model/FileObject.swift; sourceTree = SOURCE_ROOT; };
		F260B77622D49BF900BAC89E /* FavoriteManager.swift */ = {isa = PBXFileReference; fileEncoding = 4; lastKnownFileType = sourcecode.swift; name = FavoriteManager.swift; path = ShareExtensionTest/Manage/FavoriteManager.swift; sourceTree = SOURCE_ROOT; };
		F298D16D22CDD60200FDBACA /* ShareExtensionTest.app */ = {isa = PBXFileReference; explicitFileType = wrapper.application; includeInIndex = 0; path = ShareExtensionTest.app; sourceTree = BUILT_PRODUCTS_DIR; };
		F298D17022CDD60200FDBACA /* AppDelegate.swift */ = {isa = PBXFileReference; lastKnownFileType = sourcecode.swift; path = AppDelegate.swift; sourceTree = "<group>"; };
		F298D17222CDD60200FDBACA /* ViewController.swift */ = {isa = PBXFileReference; lastKnownFileType = sourcecode.swift; path = ViewController.swift; sourceTree = "<group>"; };
		F298D17522CDD60200FDBACA /* Base */ = {isa = PBXFileReference; lastKnownFileType = file.storyboard; name = Base; path = Base.lproj/Main.storyboard; sourceTree = "<group>"; };
		F298D17722CDD60E00FDBACA /* Assets.xcassets */ = {isa = PBXFileReference; lastKnownFileType = folder.assetcatalog; path = Assets.xcassets; sourceTree = "<group>"; };
		F298D17A22CDD60E00FDBACA /* Base */ = {isa = PBXFileReference; lastKnownFileType = file.storyboard; name = Base; path = Base.lproj/LaunchScreen.storyboard; sourceTree = "<group>"; };
		F298D17C22CDD60E00FDBACA /* Info.plist */ = {isa = PBXFileReference; lastKnownFileType = text.plist.xml; path = Info.plist; sourceTree = "<group>"; };
		F298D18622CDD69900FDBACA /* ShareExtension.appex */ = {isa = PBXFileReference; explicitFileType = "wrapper.app-extension"; includeInIndex = 0; path = ShareExtension.appex; sourceTree = BUILT_PRODUCTS_DIR; };
		F298D18822CDD69900FDBACA /* ShareViewController.swift */ = {isa = PBXFileReference; lastKnownFileType = sourcecode.swift; path = ShareViewController.swift; sourceTree = "<group>"; };
		F298D18B22CDD69900FDBACA /* Base */ = {isa = PBXFileReference; lastKnownFileType = file.storyboard; name = Base; path = Base.lproj/MainInterface.storyboard; sourceTree = "<group>"; };
		F298D18D22CDD69900FDBACA /* Info.plist */ = {isa = PBXFileReference; lastKnownFileType = text.plist.xml; path = Info.plist; sourceTree = "<group>"; };
		F298D19522CDD6A100FDBACA /* ShareExtension.entitlements */ = {isa = PBXFileReference; lastKnownFileType = text.plist.entitlements; path = ShareExtension.entitlements; sourceTree = "<group>"; };
		F298D19622CDD79700FDBACA /* ShareExtensionTest.entitlements */ = {isa = PBXFileReference; lastKnownFileType = text.plist.entitlements; path = ShareExtensionTest.entitlements; sourceTree = "<group>"; };
/* End PBXFileReference section */

/* Begin PBXFrameworksBuildPhase section */
		F298D16A22CDD60200FDBACA /* Frameworks */ = {
			isa = PBXFrameworksBuildPhase;
			buildActionMask = 2147483647;
			files = (
			);
			runOnlyForDeploymentPostprocessing = 0;
		};
		F298D18322CDD69900FDBACA /* Frameworks */ = {
			isa = PBXFrameworksBuildPhase;
			buildActionMask = 2147483647;
			files = (
			);
			runOnlyForDeploymentPostprocessing = 0;
		};
/* End PBXFrameworksBuildPhase section */

/* Begin PBXGroup section */
		4E3E4D5A22D9B9D2009ACDE9 /* preview logo */ = {
			isa = PBXGroup;
			children = (
				4E3E4D5F22D9BAFD009ACDE9 /* pages.png */,
				4E3E4D5B22D9B9E6009ACDE9 /* url.png */,
				4E1B580522DB381A002C582E /* play.png */,
				4E3E4D6122D9BB88009ACDE9 /* json.png */,
				4E3E4D6322D9CB31009ACDE9 /* text.png */,
				4E3E4D5C22D9B9E6009ACDE9 /* zip.png */,
			);
			path = "preview logo";
			sourceTree = "<group>";
		};
		4E4A323622D4E66400C7C481 /* ViewController */ = {
			isa = PBXGroup;
			children = (
				F298D18822CDD69900FDBACA /* ShareViewController.swift */,
			);
			path = ViewController;
			sourceTree = "<group>";
		};
		4E4A323722D4E67F00C7C481 /* ViewController */ = {
			isa = PBXGroup;
			children = (
				F298D17222CDD60200FDBACA /* ViewController.swift */,
				F21FD2E922D83AC7006C3B84 /* InfoViewController.swift */,
			);
			path = ViewController;
			sourceTree = "<group>";
		};
		4E4A323822D4E68F00C7C481 /* Storyboard */ = {
			isa = PBXGroup;
			children = (
				F298D17422CDD60200FDBACA /* Main.storyboard */,
				F21FD2E722D8391C006C3B84 /* InfoView.storyboard */,
				F298D17922CDD60E00FDBACA /* LaunchScreen.storyboard */,
			);
			path = Storyboard;
			sourceTree = "<group>";
		};
		4E4A323922D4E6A900C7C481 /* Storyboard */ = {
			isa = PBXGroup;
			children = (
				F298D18A22CDD69900FDBACA /* MainInterface.storyboard */,
			);
			path = Storyboard;
			sourceTree = "<group>";
		};
		F21FD30F22D88939006C3B84 /* Cell */ = {
			isa = PBXGroup;
			children = (
				F21FD2E122D83643006C3B84 /* myTableViewCell.swift */,
			);
			path = Cell;
			sourceTree = "<group>";
		};
		F260B76122D4915700BAC89E /* Manage */ = {
			isa = PBXGroup;
			children = (
				F260B75D22D4914B00BAC89E /* FavoriteManager.swift */,
			);
			path = Manage;
			sourceTree = "<group>";
		};
		F260B76622D491C900BAC89E /* Manage */ = {
			isa = PBXGroup;
			children = (
				F260B77622D49BF900BAC89E /* FavoriteManager.swift */,
			);
			path = Manage;
			sourceTree = "<group>";
		};
		F260B76722D49AA600BAC89E /* Model */ = {
			isa = PBXGroup;
			children = (
				F260B76222D491A300BAC89E /* FileObject.swift */,
				F260B76822D49AE100BAC89E /* ContantType.swift */,
			);
			path = Model;
			sourceTree = "<group>";
		};
		F260B76B22D49B1F00BAC89E /* Model */ = {
			isa = PBXGroup;
			children = (
				F260B77022D49BAC00BAC89E /* FileObject.swift */,
				F260B76C22D49B4B00BAC89E /* ContantType.swift */,
			);
			path = Model;
			sourceTree = "<group>";
		};
		F298D16422CDD60200FDBACA = {
			isa = PBXGroup;
			children = (
				F298D16F22CDD60200FDBACA /* ShareExtensionTest */,
				F298D18722CDD69900FDBACA /* ShareExtension */,
				F298D16E22CDD60200FDBACA /* Products */,
			);
			sourceTree = "<group>";
		};
		F298D16E22CDD60200FDBACA /* Products */ = {
			isa = PBXGroup;
			children = (
				F298D16D22CDD60200FDBACA /* ShareExtensionTest.app */,
				F298D18622CDD69900FDBACA /* ShareExtension.appex */,
			);
			name = Products;
			sourceTree = "<group>";
		};
		F298D16F22CDD60200FDBACA /* ShareExtensionTest */ = {
			isa = PBXGroup;
			children = (
				F260B76122D4915700BAC89E /* Manage */,
				F260B76B22D49B1F00BAC89E /* Model */,
				4E4A323722D4E67F00C7C481 /* ViewController */,
				F21FD30F22D88939006C3B84 /* Cell */,
				4E4A323822D4E68F00C7C481 /* Storyboard */,
				4E3E4D5A22D9B9D2009ACDE9 /* preview logo */,
				F298D19622CDD79700FDBACA /* ShareExtensionTest.entitlements */,
				F298D17022CDD60200FDBACA /* AppDelegate.swift */,
				F298D17722CDD60E00FDBACA /* Assets.xcassets */,
				F298D17C22CDD60E00FDBACA /* Info.plist */,
			);
			path = ShareExtensionTest;
			sourceTree = "<group>";
		};
		F298D18722CDD69900FDBACA /* ShareExtension */ = {
			isa = PBXGroup;
			children = (
				F260B76622D491C900BAC89E /* Manage */,
				F260B76722D49AA600BAC89E /* Model */,
				4E4A323622D4E66400C7C481 /* ViewController */,
				4E4A323922D4E6A900C7C481 /* Storyboard */,
				F298D19522CDD6A100FDBACA /* ShareExtension.entitlements */,
				F298D18D22CDD69900FDBACA /* Info.plist */,
			);
			path = ShareExtension;
			sourceTree = "<group>";
		};
/* End PBXGroup section */

/* Begin PBXNativeTarget section */
		F298D16C22CDD60200FDBACA /* ShareExtensionTest */ = {
			isa = PBXNativeTarget;
			buildConfigurationList = F298D17F22CDD60E00FDBACA /* Build configuration list for PBXNativeTarget "ShareExtensionTest" */;
			buildPhases = (
				F298D16922CDD60200FDBACA /* Sources */,
				F298D16A22CDD60200FDBACA /* Frameworks */,
				F298D16B22CDD60200FDBACA /* Resources */,
				F298D19422CDD69900FDBACA /* Embed App Extensions */,
			);
			buildRules = (
			);
			dependencies = (
				F298D18F22CDD69900FDBACA /* PBXTargetDependency */,
			);
			name = ShareExtensionTest;
			productName = ShareExtensionTest;
			productReference = F298D16D22CDD60200FDBACA /* ShareExtensionTest.app */;
			productType = "com.apple.product-type.application";
		};
		F298D18522CDD69900FDBACA /* ShareExtension */ = {
			isa = PBXNativeTarget;
			buildConfigurationList = F298D19122CDD69900FDBACA /* Build configuration list for PBXNativeTarget "ShareExtension" */;
			buildPhases = (
				F298D18222CDD69900FDBACA /* Sources */,
				F298D18322CDD69900FDBACA /* Frameworks */,
				F298D18422CDD69900FDBACA /* Resources */,
			);
			buildRules = (
			);
			dependencies = (
			);
			name = ShareExtension;
			productName = ShareExtension;
			productReference = F298D18622CDD69900FDBACA /* ShareExtension.appex */;
			productType = "com.apple.product-type.app-extension";
		};
/* End PBXNativeTarget section */

/* Begin PBXProject section */
		F298D16522CDD60200FDBACA /* Project object */ = {
			isa = PBXProject;
			attributes = {
				LastSwiftUpdateCheck = 1020;
				LastUpgradeCheck = 1020;
				ORGANIZATIONNAME = fredshao;
				TargetAttributes = {
					F298D16C22CDD60200FDBACA = {
						CreatedOnToolsVersion = 10.2;
						SystemCapabilities = {
							com.apple.ApplicationGroups.iOS = {
								enabled = 1;
							};
						};
					};
					F298D18522CDD69900FDBACA = {
						CreatedOnToolsVersion = 10.2;
						SystemCapabilities = {
							com.apple.ApplicationGroups.iOS = {
								enabled = 1;
							};
						};
					};
				};
			};
			buildConfigurationList = F298D16822CDD60200FDBACA /* Build configuration list for PBXProject "ShareExtensionTest" */;
			compatibilityVersion = "Xcode 9.3";
			developmentRegion = en;
			hasScannedForEncodings = 0;
			knownRegions = (
				en,
				Base,
			);
			mainGroup = F298D16422CDD60200FDBACA;
			productRefGroup = F298D16E22CDD60200FDBACA /* Products */;
			projectDirPath = "";
			projectRoot = "";
			targets = (
				F298D16C22CDD60200FDBACA /* ShareExtensionTest */,
				F298D18522CDD69900FDBACA /* ShareExtension */,
			);
		};
/* End PBXProject section */

/* Begin PBXResourcesBuildPhase section */
		F298D16B22CDD60200FDBACA /* Resources */ = {
			isa = PBXResourcesBuildPhase;
			buildActionMask = 2147483647;
			files = (
				F298D17B22CDD60E00FDBACA /* LaunchScreen.storyboard in Resources */,
				4E1B580622DB381A002C582E /* play.png in Resources */,
				F21FD2E822D8391C006C3B84 /* InfoView.storyboard in Resources */,
				4E3E4D6422D9CB31009ACDE9 /* text.png in Resources */,
				4E3E4D5D22D9B9E6009ACDE9 /* url.png in Resources */,
				4E3E4D6022D9BAFD009ACDE9 /* pages.png in Resources */,
				4E3E4D5E22D9B9E6009ACDE9 /* zip.png in Resources */,
				4E3E4D6222D9BB88009ACDE9 /* json.png in Resources */,
				F298D17822CDD60E00FDBACA /* Assets.xcassets in Resources */,
				F298D17622CDD60200FDBACA /* Main.storyboard in Resources */,
			);
			runOnlyForDeploymentPostprocessing = 0;
		};
		F298D18422CDD69900FDBACA /* Resources */ = {
			isa = PBXResourcesBuildPhase;
			buildActionMask = 2147483647;
			files = (
				F298D18C22CDD69900FDBACA /* MainInterface.storyboard in Resources */,
			);
			runOnlyForDeploymentPostprocessing = 0;
		};
/* End PBXResourcesBuildPhase section */

/* Begin PBXSourcesBuildPhase section */
		F298D16922CDD60200FDBACA /* Sources */ = {
			isa = PBXSourcesBuildPhase;
			buildActionMask = 2147483647;
			files = (
				F260B77122D49BAC00BAC89E /* FileObject.swift in Sources */,
				F21FD2E222D83643006C3B84 /* myTableViewCell.swift in Sources */,
				F260B77722D49BF900BAC89E /* FavoriteManager.swift in Sources */,
				F260B75F22D4914C00BAC89E /* FavoriteManager.swift in Sources */,
				F21FD2EA22D83AC7006C3B84 /* InfoViewController.swift in Sources */,
				F260B76D22D49B4B00BAC89E /* ContantType.swift in Sources */,
				F298D17322CDD60200FDBACA /* ViewController.swift in Sources */,
				F260B76922D49AE100BAC89E /* ContantType.swift in Sources */,
				F298D17122CDD60200FDBACA /* AppDelegate.swift in Sources */,
			);
			runOnlyForDeploymentPostprocessing = 0;
		};
		F298D18222CDD69900FDBACA /* Sources */ = {
			isa = PBXSourcesBuildPhase;
			buildActionMask = 2147483647;
			files = (
				F260B77222D49BAC00BAC89E /* FileObject.swift in Sources */,
				F260B77822D49BF900BAC89E /* FavoriteManager.swift in Sources */,
				F260B76A22D49AE100BAC89E /* ContantType.swift in Sources */,
				F260B76E22D49B4B00BAC89E /* ContantType.swift in Sources */,
				F260B75A22D490F700BAC89E /* ShareViewController.swift in Sources */,
				F260B76322D491A300BAC89E /* FileObject.swift in Sources */,
			);
			runOnlyForDeploymentPostprocessing = 0;
		};
/* End PBXSourcesBuildPhase section */

/* Begin PBXTargetDependency section */
		F298D18F22CDD69900FDBACA /* PBXTargetDependency */ = {
			isa = PBXTargetDependency;
			target = F298D18522CDD69900FDBACA /* ShareExtension */;
			targetProxy = F298D18E22CDD69900FDBACA /* PBXContainerItemProxy */;
		};
/* End PBXTargetDependency section */

/* Begin PBXVariantGroup section */
		F298D17422CDD60200FDBACA /* Main.storyboard */ = {
			isa = PBXVariantGroup;
			children = (
				F298D17522CDD60200FDBACA /* Base */,
			);
			name = Main.storyboard;
			sourceTree = "<group>";
		};
		F298D17922CDD60E00FDBACA /* LaunchScreen.storyboard */ = {
			isa = PBXVariantGroup;
			children = (
				F298D17A22CDD60E00FDBACA /* Base */,
			);
			name = LaunchScreen.storyboard;
			sourceTree = "<group>";
		};
		F298D18A22CDD69900FDBACA /* MainInterface.storyboard */ = {
			isa = PBXVariantGroup;
			children = (
				F298D18B22CDD69900FDBACA /* Base */,
			);
			name = MainInterface.storyboard;
			sourceTree = "<group>";
		};
/* End PBXVariantGroup section */

/* Begin XCBuildConfiguration section */
		F298D17D22CDD60E00FDBACA /* Debug */ = {
			isa = XCBuildConfiguration;
			buildSettings = {
				ALWAYS_SEARCH_USER_PATHS = NO;
				CLANG_ANALYZER_NONNULL = YES;
				CLANG_ANALYZER_NUMBER_OBJECT_CONVERSION = YES_AGGRESSIVE;
				CLANG_CXX_LANGUAGE_STANDARD = "gnu++14";
				CLANG_CXX_LIBRARY = "libc++";
				CLANG_ENABLE_MODULES = YES;
				CLANG_ENABLE_OBJC_ARC = YES;
				CLANG_ENABLE_OBJC_WEAK = YES;
				CLANG_WARN_BLOCK_CAPTURE_AUTORELEASING = YES;
				CLANG_WARN_BOOL_CONVERSION = YES;
				CLANG_WARN_COMMA = YES;
				CLANG_WARN_CONSTANT_CONVERSION = YES;
				CLANG_WARN_DEPRECATED_OBJC_IMPLEMENTATIONS = YES;
				CLANG_WARN_DIRECT_OBJC_ISA_USAGE = YES_ERROR;
				CLANG_WARN_DOCUMENTATION_COMMENTS = YES;
				CLANG_WARN_EMPTY_BODY = YES;
				CLANG_WARN_ENUM_CONVERSION = YES;
				CLANG_WARN_INFINITE_RECURSION = YES;
				CLANG_WARN_INT_CONVERSION = YES;
				CLANG_WARN_NON_LITERAL_NULL_CONVERSION = YES;
				CLANG_WARN_OBJC_IMPLICIT_RETAIN_SELF = YES;
				CLANG_WARN_OBJC_LITERAL_CONVERSION = YES;
				CLANG_WARN_OBJC_ROOT_CLASS = YES_ERROR;
				CLANG_WARN_RANGE_LOOP_ANALYSIS = YES;
				CLANG_WARN_STRICT_PROTOTYPES = YES;
				CLANG_WARN_SUSPICIOUS_MOVE = YES;
				CLANG_WARN_UNGUARDED_AVAILABILITY = YES_AGGRESSIVE;
				CLANG_WARN_UNREACHABLE_CODE = YES;
				CLANG_WARN__DUPLICATE_METHOD_MATCH = YES;
				CODE_SIGN_IDENTITY = "iPhone Developer";
				COPY_PHASE_STRIP = NO;
				DEBUG_INFORMATION_FORMAT = dwarf;
				ENABLE_STRICT_OBJC_MSGSEND = YES;
				ENABLE_TESTABILITY = YES;
				GCC_C_LANGUAGE_STANDARD = gnu11;
				GCC_DYNAMIC_NO_PIC = NO;
				GCC_NO_COMMON_BLOCKS = YES;
				GCC_OPTIMIZATION_LEVEL = 0;
				GCC_PREPROCESSOR_DEFINITIONS = (
					"DEBUG=1",
					"$(inherited)",
				);
				GCC_WARN_64_TO_32_BIT_CONVERSION = YES;
				GCC_WARN_ABOUT_RETURN_TYPE = YES_ERROR;
				GCC_WARN_UNDECLARED_SELECTOR = YES;
				GCC_WARN_UNINITIALIZED_AUTOS = YES_AGGRESSIVE;
				GCC_WARN_UNUSED_FUNCTION = YES;
				GCC_WARN_UNUSED_VARIABLE = YES;
				IPHONEOS_DEPLOYMENT_TARGET = 12.2;
				MTL_ENABLE_DEBUG_INFO = INCLUDE_SOURCE;
				MTL_FAST_MATH = YES;
				ONLY_ACTIVE_ARCH = YES;
				SDKROOT = iphoneos;
				SWIFT_ACTIVE_COMPILATION_CONDITIONS = DEBUG;
				SWIFT_OPTIMIZATION_LEVEL = "-Onone";
			};
			name = Debug;
		};
		F298D17E22CDD60E00FDBACA /* Release */ = {
			isa = XCBuildConfiguration;
			buildSettings = {
				ALWAYS_SEARCH_USER_PATHS = NO;
				CLANG_ANALYZER_NONNULL = YES;
				CLANG_ANALYZER_NUMBER_OBJECT_CONVERSION = YES_AGGRESSIVE;
				CLANG_CXX_LANGUAGE_STANDARD = "gnu++14";
				CLANG_CXX_LIBRARY = "libc++";
				CLANG_ENABLE_MODULES = YES;
				CLANG_ENABLE_OBJC_ARC = YES;
				CLANG_ENABLE_OBJC_WEAK = YES;
				CLANG_WARN_BLOCK_CAPTURE_AUTORELEASING = YES;
				CLANG_WARN_BOOL_CONVERSION = YES;
				CLANG_WARN_COMMA = YES;
				CLANG_WARN_CONSTANT_CONVERSION = YES;
				CLANG_WARN_DEPRECATED_OBJC_IMPLEMENTATIONS = YES;
				CLANG_WARN_DIRECT_OBJC_ISA_USAGE = YES_ERROR;
				CLANG_WARN_DOCUMENTATION_COMMENTS = YES;
				CLANG_WARN_EMPTY_BODY = YES;
				CLANG_WARN_ENUM_CONVERSION = YES;
				CLANG_WARN_INFINITE_RECURSION = YES;
				CLANG_WARN_INT_CONVERSION = YES;
				CLANG_WARN_NON_LITERAL_NULL_CONVERSION = YES;
				CLANG_WARN_OBJC_IMPLICIT_RETAIN_SELF = YES;
				CLANG_WARN_OBJC_LITERAL_CONVERSION = YES;
				CLANG_WARN_OBJC_ROOT_CLASS = YES_ERROR;
				CLANG_WARN_RANGE_LOOP_ANALYSIS = YES;
				CLANG_WARN_STRICT_PROTOTYPES = YES;
				CLANG_WARN_SUSPICIOUS_MOVE = YES;
				CLANG_WARN_UNGUARDED_AVAILABILITY = YES_AGGRESSIVE;
				CLANG_WARN_UNREACHABLE_CODE = YES;
				CLANG_WARN__DUPLICATE_METHOD_MATCH = YES;
				CODE_SIGN_IDENTITY = "iPhone Developer";
				COPY_PHASE_STRIP = NO;
				DEBUG_INFORMATION_FORMAT = "dwarf-with-dsym";
				ENABLE_NS_ASSERTIONS = NO;
				ENABLE_STRICT_OBJC_MSGSEND = YES;
				GCC_C_LANGUAGE_STANDARD = gnu11;
				GCC_NO_COMMON_BLOCKS = YES;
				GCC_WARN_64_TO_32_BIT_CONVERSION = YES;
				GCC_WARN_ABOUT_RETURN_TYPE = YES_ERROR;
				GCC_WARN_UNDECLARED_SELECTOR = YES;
				GCC_WARN_UNINITIALIZED_AUTOS = YES_AGGRESSIVE;
				GCC_WARN_UNUSED_FUNCTION = YES;
				GCC_WARN_UNUSED_VARIABLE = YES;
				IPHONEOS_DEPLOYMENT_TARGET = 12.2;
				MTL_ENABLE_DEBUG_INFO = NO;
				MTL_FAST_MATH = YES;
				SDKROOT = iphoneos;
				SWIFT_COMPILATION_MODE = wholemodule;
				SWIFT_OPTIMIZATION_LEVEL = "-O";
				VALIDATE_PRODUCT = YES;
			};
			name = Release;
		};
		F298D18022CDD60E00FDBACA /* Debug */ = {
			isa = XCBuildConfiguration;
			buildSettings = {
				ALWAYS_EMBED_SWIFT_STANDARD_LIBRARIES = YES;
				ASSETCATALOG_COMPILER_APPICON_NAME = AppIcon;
				CODE_SIGN_ENTITLEMENTS = ShareExtensionTest/ShareExtensionTest.entitlements;
				CODE_SIGN_STYLE = Automatic;
				DEVELOPMENT_TEAM = 8EVJTWJNSJ;
				INFOPLIST_FILE = ShareExtensionTest/Info.plist;
				LD_RUNPATH_SEARCH_PATHS = (
					"$(inherited)",
					"@executable_path/Frameworks",
				);
				PRODUCT_BUNDLE_IDENTIFIER = tw.com.maxkit.ios.sample.ShareExtensionTest;
				PRODUCT_NAME = "$(TARGET_NAME)";
				SWIFT_VERSION = 5.0;
				TARGETED_DEVICE_FAMILY = "1,2";
			};
			name = Debug;
		};
		F298D18122CDD60E00FDBACA /* Release */ = {
			isa = XCBuildConfiguration;
			buildSettings = {
				ALWAYS_EMBED_SWIFT_STANDARD_LIBRARIES = YES;
				ASSETCATALOG_COMPILER_APPICON_NAME = AppIcon;
				CODE_SIGN_ENTITLEMENTS = ShareExtensionTest/ShareExtensionTest.entitlements;
				CODE_SIGN_STYLE = Automatic;
				DEVELOPMENT_TEAM = 8EVJTWJNSJ;
				INFOPLIST_FILE = ShareExtensionTest/Info.plist;
				LD_RUNPATH_SEARCH_PATHS = (
					"$(inherited)",
					"@executable_path/Frameworks",
				);
				PRODUCT_BUNDLE_IDENTIFIER = tw.com.maxkit.ios.sample.ShareExtensionTest;
				PRODUCT_NAME = "$(TARGET_NAME)";
				SWIFT_VERSION = 5.0;
				TARGETED_DEVICE_FAMILY = "1,2";
			};
			name = Release;
		};
		F298D19222CDD69900FDBACA /* Debug */ = {
			isa = XCBuildConfiguration;
			buildSettings = {
				CODE_SIGN_ENTITLEMENTS = ShareExtension/ShareExtension.entitlements;
				CODE_SIGN_STYLE = Automatic;
				DEVELOPMENT_TEAM = 8EVJTWJNSJ;
				INFOPLIST_FILE = ShareExtension/Info.plist;
				LD_RUNPATH_SEARCH_PATHS = (
					"$(inherited)",
					"@executable_path/Frameworks",
					"@executable_path/../../Frameworks",
				);
				PRODUCT_BUNDLE_IDENTIFIER = tw.com.maxkit.ios.sample.ShareExtensionTest.ShareExtension;
				PRODUCT_NAME = "$(TARGET_NAME)";
				SKIP_INSTALL = YES;
				SWIFT_VERSION = 5.0;
				TARGETED_DEVICE_FAMILY = "1,2";
			};
			name = Debug;
		};
		F298D19322CDD69900FDBACA /* Release */ = {
			isa = XCBuildConfiguration;
			buildSettings = {
				CODE_SIGN_ENTITLEMENTS = ShareExtension/ShareExtension.entitlements;
				CODE_SIGN_STYLE = Automatic;
				DEVELOPMENT_TEAM = 8EVJTWJNSJ;
				INFOPLIST_FILE = ShareExtension/Info.plist;
				LD_RUNPATH_SEARCH_PATHS = (
					"$(inherited)",
					"@executable_path/Frameworks",
					"@executable_path/../../Frameworks",
				);
				PRODUCT_BUNDLE_IDENTIFIER = tw.com.maxkit.ios.sample.ShareExtensionTest.ShareExtension;
				PRODUCT_NAME = "$(TARGET_NAME)";
				SKIP_INSTALL = YES;
				SWIFT_VERSION = 5.0;
				TARGETED_DEVICE_FAMILY = "1,2";
			};
			name = Release;
		};
/* End XCBuildConfiguration section */

/* Begin XCConfigurationList section */
		F298D16822CDD60200FDBACA /* Build configuration list for PBXProject "ShareExtensionTest" */ = {
			isa = XCConfigurationList;
			buildConfigurations = (
				F298D17D22CDD60E00FDBACA /* Debug */,
				F298D17E22CDD60E00FDBACA /* Release */,
			);
			defaultConfigurationIsVisible = 0;
			defaultConfigurationName = Release;
		};
		F298D17F22CDD60E00FDBACA /* Build configuration list for PBXNativeTarget "ShareExtensionTest" */ = {
			isa = XCConfigurationList;
			buildConfigurations = (
				F298D18022CDD60E00FDBACA /* Debug */,
				F298D18122CDD60E00FDBACA /* Release */,
			);
			defaultConfigurationIsVisible = 0;
			defaultConfigurationName = Release;
		};
		F298D19122CDD69900FDBACA /* Build configuration list for PBXNativeTarget "ShareExtension" */ = {
			isa = XCConfigurationList;
			buildConfigurations = (
				F298D19222CDD69900FDBACA /* Debug */,
				F298D19322CDD69900FDBACA /* Release */,
			);
			defaultConfigurationIsVisible = 0;
			defaultConfigurationName = Release;
		};
/* End XCConfigurationList section */
	};
	rootObject = F298D16522CDD60200FDBACA /* Project object */;
}
